
Microsoft Visual Studio Solution File, Format Version 12.00
# Visual Studio Version 17
VisualStudioVersion = 17.11.35222.181
MinimumVisualStudioVersion = 10.0.40219.1
Project("{FAE04EC0-301F-11D3-BF4B-00C04F79EFBC}") = "WebRefreshToken", "WebRefreshToken\WebRefreshToken.csproj", "{3CB9FC93-EDAE-4225-A73A-2726ADACD6C0}"
EndProject
Global
	GlobalSection(SolutionConfigurationPlatforms) = preSolution
		Debug|Any CPU = Debug|Any CPU
		Release|Any CPU = Release|Any CPU
	EndGlobalSection
	GlobalSection(ProjectConfigurationPlatforms) = postSolution
		{3CB9FC93-EDAE-4225-A73A-2726ADACD6C0}.Debug|Any CPU.ActiveCfg = Debug|Any CPU
		{3CB9FC93-EDAE-4225-A73A-2726ADACD6C0}.Debug|Any CPU.Build.0 = Debug|Any CPU
		{3CB9FC93-EDAE-4225-A73A-2726ADACD6C0}.Release|Any CPU.ActiveCfg = Release|Any CPU
		{3CB9FC93-EDAE-4225-A73A-2726ADACD6C0}.Release|Any CPU.Build.0 = Release|Any CPU
	EndGlobalSection
	GlobalSection(SolutionProperties) = preSolution
		HideSolutionNode = FALSE
	EndGlobalSection
	GlobalSection(ExtensibilityGlobals) = postSolution
		SolutionGuid = {800D0466-F82B-4C49-AE4A-D31E8ED97067}
	EndGlobalSection
EndGlobal
